// !$*UTF8*$!
{
	archiveVersion = 1;
	classes = {
	};
	objectVersion = 56;
	objects = {

/* Begin PBXBuildFile section */
		177AB22D714149B3B458D160 /* Assets.xcassets in Resources */ = {isa = PBXBuildFile; fileRef = 3D238B9A58B04CFBAD0D2827 /* Assets.xcassets */; };
		1CE379681A754C2AB785256F /* UIKit.framework in Frameworks */ = {isa = PBXBuildFile; fileRef = DB15E09B3D5545CFA0EBEDDC /* UIKit.framework */; };
		3B6215378F4D4D85A728A70A /* AppDelegate.swift in Sources */ = {isa = PBXBuildFile; fileRef = 0BEF9C4AD5C24C30BA381BB3 /* AppDelegate.swift */; };
		516BA9D668C64724907C3910 /* APIClient.swift in Sources */ = {isa = PBXBuildFile; fileRef = F4D986B0D94648C1B2856F29 /* APIClient.swift */; };
		66592DD7B8084843A7F324A7 /* Models.swift in Sources */ = {isa = PBXBuildFile; fileRef = 6170F30FB7144476B9408949 /* Models.swift */; };
		6A2C2379B7DB41B4BF2DF1D8 /* PlayerView.swift in Sources */ = {isa = PBXBuildFile; fileRef = F5742CBE4BAF4617BF32E4A5 /* PlayerView.swift */; };
		807C75FD9F944112BF3A1DCB /* PreloadCache.swift in Sources */ = {isa = PBXBuildFile; fileRef = 3F95C67503464043B10E1348 /* PreloadCache.swift */; };
		8C26D442568D4F49B2F03E71 /* VideoCell.swift in Sources */ = {isa = PBXBuildFile; fileRef = A0E3783D1DF6464887CF4B5C /* VideoCell.swift */; };
		ADF4E492D9DE4D9F99DBBDFA /* VideoGridCell.swift in Sources */ = {isa = PBXBuildFile; fileRef = 2E1837B491A24AD0B329BACE /* VideoGridCell.swift */; };
		5AD71A599251415B8A00AA9C /* VideoGridViewController.swift in Sources */ = {isa = PBXBuildFile; fileRef = EA95D4E781F345F9853F1BC2 /* VideoGridViewController.swift */; };
		8D407DA4EEA24A02AF1DB378 /* VideoFeedViewController.swift in Sources */ = {isa = PBXBuildFile; fileRef = 54A290181C9545429C36D76E /* VideoFeedViewController.swift */; };
		9C264715BAF544A99571EDB9 /* AVFoundation.framework in Frameworks */ = {isa = PBXBuildFile; fileRef = 49CC635ED51642DB9781C362 /* AVFoundation.framework */; };
		9CCAADB0A0DB49D5AA4DC60E /* ConnectViewController.swift in Sources */ = {isa = PBXBuildFile; fileRef = C99C969545F24619A134CF80 /* ConnectViewController.swift */; };
		A26CC755EBFF422591C965D4 /* Foundation.framework in Frameworks */ = {isa = PBXBuildFile; fileRef = C604167B0B7F487D960E067A /* Foundation.framework */; };
		C7769021B736436F93A51010 /* SceneDelegate.swift in Sources */ = {isa = PBXBuildFile; fileRef = D1BF4748169747BFB08BB500 /* SceneDelegate.swift */; };
/* End PBXBuildFile section */

/* Begin PBXFileReference section */
		0BEF9C4AD5C24C30BA381BB3 /* AppDelegate.swift */ = {isa = PBXFileReference; lastKnownFileType = sourcecode.swift; path = AppDelegate.swift; sourceTree = "<group>"; };
		140B66D08F224FA78B8004B2 /* EmbyTokNative.app */ = {isa = PBXFileReference; explicitFileType = wrapper.application; path = EmbyTokNative.app; sourceTree = BUILT_PRODUCTS_DIR; };
		3D238B9A58B04CFBAD0D2827 /* Assets.xcassets */ = {isa = PBXFileReference; lastKnownFileType = folder.assetcatalog; path = Assets.xcassets; sourceTree = "<group>"; };
		3F95C67503464043B10E1348 /* PreloadCache.swift */ = {isa = PBXFileReference; lastKnownFileType = sourcecode.swift; path = PreloadCache.swift; sourceTree = "<group>"; };
		49CC635ED51642DB9781C362 /* AVFoundation.framework */ = {isa = PBXFileReference; lastKnownFileType = wrapper.framework; name = AVFoundation.framework; path = System/Library/Frameworks/AVFoundation.framework; sourceTree = SDKROOT; };
		54A290181C9545429C36D76E /* VideoFeedViewController.swift */ = {isa = PBXFileReference; lastKnownFileType = sourcecode.swift; path = VideoFeedViewController.swift; sourceTree = "<group>"; };
		6170F30FB7144476B9408949 /* Models.swift */ = {isa = PBXFileReference; lastKnownFileType = sourcecode.swift; path = Models.swift; sourceTree = "<group>"; };
		A0E3783D1DF6464887CF4B5C /* VideoCell.swift */ = {isa = PBXFileReference; lastKnownFileType = sourcecode.swift; path = VideoCell.swift; sourceTree = "<group>"; };
		2E1837B491A24AD0B329BACE /* VideoGridCell.swift */ = {isa = PBXFileReference; lastKnownFileType = sourcecode.swift; path = VideoGridCell.swift; sourceTree = "<group>"; };
		EA95D4E781F345F9853F1BC2 /* VideoGridViewController.swift */ = {isa = PBXFileReference; lastKnownFileType = sourcecode.swift; path = VideoGridViewController.swift; sourceTree = "<group>"; };
		C604167B0B7F487D960E067A /* Foundation.framework */ = {isa = PBXFileReference; lastKnownFileType = wrapper.framework; name = Foundation.framework; path = System/Library/Frameworks/Foundation.framework; sourceTree = SDKROOT; };
		C99C969545F24619A134CF80 /* ConnectViewController.swift */ = {isa = PBXFileReference; lastKnownFileType = sourcecode.swift; path = ConnectViewController.swift; sourceTree = "<group>"; };
		D1BF4748169747BFB08BB500 /* SceneDelegate.swift */ = {isa = PBXFileReference; lastKnownFileType = sourcecode.swift; path = SceneDelegate.swift; sourceTree = "<group>"; };
		DB15E09B3D5545CFA0EBEDDC /* UIKit.framework */ = {isa = PBXFileReference; lastKnownFileType = wrapper.framework; name = UIKit.framework; path = System/Library/Frameworks/UIKit.framework; sourceTree = SDKROOT; };
		E8CA4C49DDC34F2392BA35F5 /* Info.plist */ = {isa = PBXFileReference; lastKnownFileType = text.plist.xml; path = Info.plist; sourceTree = "<group>"; };
		F4D986B0D94648C1B2856F29 /* APIClient.swift */ = {isa = PBXFileReference; lastKnownFileType = sourcecode.swift; path = APIClient.swift; sourceTree = "<group>"; };
		F5742CBE4BAF4617BF32E4A5 /* PlayerView.swift */ = {isa = PBXFileReference; lastKnownFileType = sourcecode.swift; path = PlayerView.swift; sourceTree = "<group>"; };
/* End PBXFileReference section */

/* Begin PBXFrameworksBuildPhase section */
		8D7C6C795FF44256B9394C14 /* Frameworks */ = {
			isa = PBXFrameworksBuildPhase;
			buildActionMask = 2147483647;
			files = (
				9C264715BAF544A99571EDB9 /* AVFoundation.framework in Frameworks */,
				1CE379681A754C2AB785256F /* UIKit.framework in Frameworks */,
				A26CC755EBFF422591C965D4 /* Foundation.framework in Frameworks */,
			);
			runOnlyForDeploymentPostprocessing = 0;
		};
/* End PBXFrameworksBuildPhase section */

/* Begin PBXGroup section */
		1891A6097B8D40D8836CD010 /* EmbyTokNative */ = {
			isa = PBXGroup;
			children = (
				0BEF9C4AD5C24C30BA381BB3 /* AppDelegate.swift */,
				D1BF4748169747BFB08BB500 /* SceneDelegate.swift */,
				C99C969545F24619A134CF80 /* ConnectViewController.swift */,
				54A290181C9545429C36D76E /* VideoFeedViewController.swift */,
				A0E3783D1DF6464887CF4B5C /* VideoCell.swift */,
				EA95D4E781F345F9853F1BC2 /* VideoGridViewController.swift */,
				2E1837B491A24AD0B329BACE /* VideoGridCell.swift */,
				F5742CBE4BAF4617BF32E4A5 /* PlayerView.swift */,
				F4D986B0D94648C1B2856F29 /* APIClient.swift */,
				3F95C67503464043B10E1348 /* PreloadCache.swift */,
				6170F30FB7144476B9408949 /* Models.swift */,
				E8CA4C49DDC34F2392BA35F5 /* Info.plist */,
			);
			path = EmbyTokNative;
			sourceTree = "<group>";
		};
		2F2E76768B47440FA0269FAE /*  */ = {
			isa = PBXGroup;
			children = (
				1891A6097B8D40D8836CD010 /* EmbyTokNative */,
				5D9DD251B55943E580FCEA8F /* EmbyTokNative */,
				B034EB79963C43C294D91CD2,
				54C7F164FDD94B8782519FE2 /* Products */,
			);
			name = "";
			sourceTree = "<group>";
		};
		54C7F164FDD94B8782519FE2 /* Products */ = {
			isa = PBXGroup;
			children = (
				140B66D08F224FA78B8004B2 /* EmbyTokNative.app */,
			);
			name = Products;
			sourceTree = "<group>";
		};
		5D9DD251B55943E580FCEA8F /* EmbyTokNative */ = {
			isa = PBXGroup;
			children = (
				3D238B9A58B04CFBAD0D2827 /* Assets.xcassets */,
			);
			path = EmbyTokNative;
			sourceTree = "<group>";
		};
		B034EB79963C43C294D91CD2 = {
			isa = PBXGroup;
			children = (
				49CC635ED51642DB9781C362 /* AVFoundation.framework */,
				DB15E09B3D5545CFA0EBEDDC /* UIKit.framework */,
				C604167B0B7F487D960E067A /* Foundation.framework */,
			);
			sourceTree = "<group>";
		};
/* End PBXGroup section */

/* Begin PBXNativeTarget section */
		7D519116065E45DCB1D9C8EC /* EmbyTokNative */ = {
			isa = PBXNativeTarget;
			buildConfigurationList = 4A3CD917453C4519A1C6B88A /* Build configuration list for PBXNativeTarget "EmbyTokNative" */;
			buildPhases = (
				478E92D9E9CB4D0BB5AEAD07 /* Sources */,
				8D7C6C795FF44256B9394C14 /* Frameworks */,
				A1F10F6CA82247C7AFA809CD /* Resources */,
			);
			buildRules = (
			);
			dependencies = (
			);
			name = EmbyTokNative;
			productName = EmbyTokNative;
			productReference = 140B66D08F224FA78B8004B2 /* EmbyTokNative.app */;
			productType = "com.apple.product-type.application";
		};
/* End PBXNativeTarget section */

/* Begin PBXProject section */
		C504932D4D694A3DA9153564 /* Project object */ = {
			isa = PBXProject;
			attributes = {
				LastSwiftUpdateCheck = 1500;
				LastUpgradeCheck = 1500;
				TargetAttributes = {
					7D519116065E45DCB1D9C8EC = {
						CreatedOnToolsVersion = 15.0;
					};
				};
			};
			buildConfigurationList = 1D8D57E3EADB418881B86114 /* Build configuration list for PBXProject "EmbyTokNative" */;
			compatibilityVersion = "Xcode 14.0";
			developmentRegion = en;
			hasScannedForEncodings = 0;
			knownRegions = (
				en,
				Base,
			);
			mainGroup = 2F2E76768B47440FA0269FAE /*  */;
			productRefGroup = 54C7F164FDD94B8782519FE2 /* Products */;
			projectDirPath = "";
			projectRoot = "";
			targets = (
				7D519116065E45DCB1D9C8EC /* EmbyTokNative */,
			);
		};
/* End PBXProject section */

/* Begin PBXResourcesBuildPhase section */
		A1F10F6CA82247C7AFA809CD /* Resources */ = {
			isa = PBXResourcesBuildPhase;
			buildActionMask = 2147483647;
			files = (
				177AB22D714149B3B458D160 /* Assets.xcassets in Resources */,
			);
			runOnlyForDeploymentPostprocessing = 0;
		};
/* End PBXResourcesBuildPhase section */

/* Begin PBXSourcesBuildPhase section */
		478E92D9E9CB4D0BB5AEAD07 /* Sources */ = {
			isa = PBXSourcesBuildPhase;
			buildActionMask = 2147483647;
			files = (
				3B6215378F4D4D85A728A70A /* AppDelegate.swift in Sources */,
				C7769021B736436F93A51010 /* SceneDelegate.swift in Sources */,
				9CCAADB0A0DB49D5AA4DC60E /* ConnectViewController.swift in Sources */,
				8D407DA4EEA24A02AF1DB378 /* VideoFeedViewController.swift in Sources */,
				8C26D442568D4F49B2F03E71 /* VideoCell.swift in Sources */,
				5AD71A599251415B8A00AA9C /* VideoGridViewController.swift in Sources */,
				ADF4E492D9DE4D9F99DBBDFA /* VideoGridCell.swift in Sources */,
				6A2C2379B7DB41B4BF2DF1D8 /* PlayerView.swift in Sources */,
				516BA9D668C64724907C3910 /* APIClient.swift in Sources */,
				807C75FD9F944112BF3A1DCB /* PreloadCache.swift in Sources */,
				66592DD7B8084843A7F324A7 /* Models.swift in Sources */,
			);
			runOnlyForDeploymentPostprocessing = 0;
		};
/* End PBXSourcesBuildPhase section */

/* Begin XCBuildConfiguration section */
		263BCCA03C394E63907B0514 /* Debug */ = {
			isa = XCBuildConfiguration;
			buildSettings = {
				ASSETCATALOG_COMPILER_APPICON_NAME = AppIcon;
				CLANG_ENABLE_MODULES = YES;
				DEVELOPMENT_TEAM = GHV8SD398Q;
				INFOPLIST_FILE = EmbyTokNative/Info.plist;
				IPHONEOS_DEPLOYMENT_TARGET = 16.0;
				PRODUCT_BUNDLE_IDENTIFIER = com.embytok.native;
				PRODUCT_NAME = EmbyTokNative;
				SUPPORTED_PLATFORMS = "iphoneos iphonesimulator";
				SUPPORTS_MACCATALYST = NO;
				SUPPORTS_MAC_DESIGNED_FOR_IPHONE_IPAD = NO;
				SUPPORTS_XR_DESIGNED_FOR_IPHONE_IPAD = NO;
				SWIFT_VERSION = 5.0;
				TARGETED_DEVICE_FAMILY = "1,2";
			};
			name = Debug;
		};
		2B4604E615DA44C2906133CC /* Debug */ = {
			isa = XCBuildConfiguration;
			buildSettings = {
				ALWAYS_SEARCH_USER_PATHS = NO;
				CLANG_ENABLE_MODULES = YES;
				SDKROOT = iphoneos;
				SWIFT_VERSION = 5.0;
			};
			name = Debug;
		};
		6025D54015CC4FEAA410D0AA /* Release */ = {
			isa = XCBuildConfiguration;
			buildSettings = {
				ALWAYS_SEARCH_USER_PATHS = NO;
				CLANG_ENABLE_MODULES = YES;
				SDKROOT = iphoneos;
				SWIFT_VERSION = 5.0;
			};
			name = Release;
		};
		C8DC6314BFF64825A2BE8661 /* Release */ = {
			isa = XCBuildConfiguration;
			buildSettings = {
				ASSETCATALOG_COMPILER_APPICON_NAME = AppIcon;
				CLANG_ENABLE_MODULES = YES;
				DEVELOPMENT_TEAM = GHV8SD398Q;
				INFOPLIST_FILE = EmbyTokNative/Info.plist;
				IPHONEOS_DEPLOYMENT_TARGET = 16.0;
				PRODUCT_BUNDLE_IDENTIFIER = com.embytok.native;
				PRODUCT_NAME = EmbyTokNative;
				SUPPORTED_PLATFORMS = "iphoneos iphonesimulator";
				SUPPORTS_MACCATALYST = NO;
				SUPPORTS_MAC_DESIGNED_FOR_IPHONE_IPAD = NO;
				SUPPORTS_XR_DESIGNED_FOR_IPHONE_IPAD = NO;
				SWIFT_VERSION = 5.0;
				TARGETED_DEVICE_FAMILY = "1,2";
			};
			name = Release;
		};
/* End XCBuildConfiguration section */

/* Begin XCConfigurationList section */
		1D8D57E3EADB418881B86114 /* Build configuration list for PBXProject "EmbyTokNative" */ = {
			isa = XCConfigurationList;
			buildConfigurations = (
				2B4604E615DA44C2906133CC /* Debug */,
				6025D54015CC4FEAA410D0AA /* Release */,
			);
			defaultConfigurationIsVisible = 0;
			defaultConfigurationName = Release;
		};
		4A3CD917453C4519A1C6B88A /* Build configuration list for PBXNativeTarget "EmbyTokNative" */ = {
			isa = XCConfigurationList;
			buildConfigurations = (
				263BCCA03C394E63907B0514 /* Debug */,
				C8DC6314BFF64825A2BE8661 /* Release */,
			);
			defaultConfigurationIsVisible = 0;
			defaultConfigurationName = Release;
		};
/* End XCConfigurationList section */
	};
	rootObject = C504932D4D694A3DA9153564 /* Project object */;
}
